
Microsoft Visual Studio Solution File, Format Version 12.00
# Visual Studio Version 16
VisualStudioVersion = 16.0.29519.181
MinimumVisualStudioVersion = 10.0.40219.1
Project("{FAE04EC0-301F-11D3-BF4B-00C04F79EFBC}") = "Rocket_Loading_Screen", "Rocket_Loading_Screen.csproj", "{102C8838-C6E2-4C86-9BD4-BC35B773B1E1}"
EndProject
Global
	GlobalSection(SolutionConfigurationPlatforms) = preSolution
		Debug|Any CPU = Debug|Any CPU
		Release|Any CPU = Release|Any CPU
	EndGlobalSection
	GlobalSection(ProjectConfigurationPlatforms) = postSolution
		{102C8838-C6E2-4C86-9BD4-BC35B773B1E1}.Debug|Any CPU.ActiveCfg = Debug|Any CPU
		{102C8838-C6E2-4C86-9BD4-BC35B773B1E1}.Debug|Any CPU.Build.0 = Debug|Any CPU
		{102C8838-C6E2-4C86-9BD4-BC35B773B1E1}.Release|Any CPU.ActiveCfg = Release|Any CPU
		{102C8838-C6E2-4C86-9BD4-BC35B773B1E1}.Release|Any CPU.Build.0 = Release|Any CPU
	EndGlobalSection
	GlobalSection(SolutionProperties) = preSolution
		HideSolutionNode = FALSE
	EndGlobalSection
	GlobalSection(ExtensibilityGlobals) = postSolution
		SolutionGuid = {D173BA00-8C5C-471D-954A-75ABAB23C32F}
	EndGlobalSection
EndGlobal
